{
  "name": "bci-calendar",
  "version": "1.2.0",
  "lockfileVersion": 1,
  "requires": true,
  "dependencies": {
    "d3": {
      "version": "3.5.17",
      "resolved": "https://registry.npmjs.org/d3/-/d3-3.5.17.tgz",
      "integrity": "sha1-vEZ0gAQ3iyGjYMn8fPUjF5B2L7g="
    },
    "globalize": {
      "version": "0.1.0-a2",
      "resolved": "https://registry.npmjs.org/globalize/-/globalize-0.1.0a2.tgz",
      "integrity": "sha1-fyizguvv2boMs9gDY1+7pkqH8pQ="
    },
    "lodash": {
      "version": "4.16.2",
      "resolved": "https://registry.npmjs.org/lodash/-/lodash-4.16.2.tgz",
      "integrity": "sha1-PmJtuCcEimmSgaihJSJjJs/A5lI=",
      "dev": true
    },
    "powerbi-models": {
      "version": "1.2.0",
      "resolved": "https://registry.npmjs.org/powerbi-models/-/powerbi-models-1.2.0.tgz",
      "integrity": "sha512-4l0ArPv+bI4+IyEmZi9G2gMHmNasEyccsjngizqFmn8/gQ15KPfbPMfkjL/yEmBNmIhg0Yc9VeL3QjMGf/Y8bA=="
    },
    "powerbi-visuals-utils-dataviewutils": {
      "version": "1.0.1",
      "resolved": "https://registry.npmjs.org/powerbi-visuals-utils-dataviewutils/-/powerbi-visuals-utils-dataviewutils-1.0.1.tgz",
      "integrity": "sha1-GjN+X6JJ421IvmU+oQkravv81kM=",
      "dev": true,
      "requires": {
        "lodash": "4.16.2"
      }
    },
    "powerbi-visuals-utils-formattingutils": {
      "version": "2.1.0",
      "resolved": "https://registry.npmjs.org/powerbi-visuals-utils-formattingutils/-/powerbi-visuals-utils-formattingutils-2.1.0.tgz",
      "integrity": "sha1-mXmvDXEagPD2qe6NK8TBc1/p4Ys=",
      "requires": {
        "d3": "3.5.5",
        "globalize": "0.1.0-a2",
        "powerbi-visuals-utils-dataviewutils": "1.2.0",
        "powerbi-visuals-utils-svgutils": "1.1.0",
        "powerbi-visuals-utils-typeutils": "1.1.0"
      },
      "dependencies": {
        "d3": {
          "version": "3.5.5",
          "resolved": "https://registry.npmjs.org/d3/-/d3-3.5.5.tgz",
          "integrity": "sha1-vhq6aoT7ZlMoOz6+u39XDjvaGH4="
        },
        "powerbi-visuals-utils-dataviewutils": {
          "version": "1.2.0",
          "resolved": "https://registry.npmjs.org/powerbi-visuals-utils-dataviewutils/-/powerbi-visuals-utils-dataviewutils-1.2.0.tgz",
          "integrity": "sha1-WaHJgzVclYoj2ZAYlPZfFXUZMhM="
        }
      }
    },
    "powerbi-visuals-utils-interactivityutils": {
      "version": "3.2.0",
      "resolved": "https://registry.npmjs.org/powerbi-visuals-utils-interactivityutils/-/powerbi-visuals-utils-interactivityutils-3.2.0.tgz",
      "integrity": "sha1-GsykTSm8pmoSOG2tTik/9gWpXaw=",
      "requires": {
        "d3": "3.5.5",
        "powerbi-visuals-utils-svgutils": "1.1.0",
        "powerbi-visuals-utils-typeutils": "1.1.0"
      },
      "dependencies": {
        "d3": {
          "version": "3.5.5",
          "resolved": "https://registry.npmjs.org/d3/-/d3-3.5.5.tgz",
          "integrity": "sha1-vhq6aoT7ZlMoOz6+u39XDjvaGH4="
        }
      }
    },
    "powerbi-visuals-utils-svgutils": {
      "version": "1.1.0",
      "resolved": "https://registry.npmjs.org/powerbi-visuals-utils-svgutils/-/powerbi-visuals-utils-svgutils-1.1.0.tgz",
      "integrity": "sha1-i6IsbvVmKkAnCbR3dTpFGTQiV+c=",
      "requires": {
        "d3": "3.5.5",
        "powerbi-visuals-utils-typeutils": "1.1.0"
      },
      "dependencies": {
        "d3": {
          "version": "3.5.5",
          "resolved": "https://registry.npmjs.org/d3/-/d3-3.5.5.tgz",
          "integrity": "sha1-vhq6aoT7ZlMoOz6+u39XDjvaGH4="
        }
      }
    },
    "powerbi-visuals-utils-tooltiputils": {
      "version": "1.1.1",
      "resolved": "https://registry.npmjs.org/powerbi-visuals-utils-tooltiputils/-/powerbi-visuals-utils-tooltiputils-1.1.1.tgz",
      "integrity": "sha512-FuY8+rtbj31QRVi2K5m6Aqvl4vPtFuYanKzhHdQ1KiF3+TgYp78ZFGfJdYr8ywoFQMByPKCWZoEtnPSfcVcY8Q==",
      "dev": true,
      "requires": {
        "d3": "3.5.5"
      },
      "dependencies": {
        "d3": {
          "version": "3.5.5",
          "resolved": "https://registry.npmjs.org/d3/-/d3-3.5.5.tgz",
          "integrity": "sha1-vhq6aoT7ZlMoOz6+u39XDjvaGH4=",
          "dev": true
        }
      }
    },
    "powerbi-visuals-utils-typeutils": {
      "version": "1.1.0",
      "resolved": "https://registry.npmjs.org/powerbi-visuals-utils-typeutils/-/powerbi-visuals-utils-typeutils-1.1.0.tgz",
      "integrity": "sha1-NHlC5YGHNwDaVe//UTamk6dt+bI="
    }
  }
}
